// !$*UTF8*$!
{
	archiveVersion = 1;
	classes = {
	};
	objectVersion = 100;
	objects = {

/* Begin PBXBuildFile section */
		DA58C03C2ED481E000B4A733 /* AppIcon.icon in Resources */ = {isa = PBXBuildFile; fileRef = DA58C03B2ED481E000B4A733 /* AppIcon.icon */; };
		DAA16D7224B60673003C28FD /* ImportAsDictAction.appex in Embed Foundation Extensions */ = {isa = PBXBuildFile; fileRef = DAA16D6624B60673003C28FD /* ImportAsDictAction.appex */; settings = {ATTRIBUTES = (RemoveHeadersOnCopy, ); }; };
		DACAF0DE300C000300DC9410 /* KaPow in Frameworks */ = {isa = PBXBuildFile; productRef = DACAF0DE300C000200DC9410 /* KaPow */; };
		DACDF167300B672C00DC9410 /* WidgetKit.framework in Frameworks */ = {isa = PBXBuildFile; fileRef = DACDF149300B662A00DC9410 /* WidgetKit.framework */; };
		DACDF168300B672C00DC9410 /* SwiftUI.framework in Frameworks */ = {isa = PBXBuildFile; fileRef = DACDF14B300B662A00DC9410 /* SwiftUI.framework */; };
		DACDF175300B672D00DC9410 /* WordWidgetExtension.appex in Embed Foundation Extensions */ = {isa = PBXBuildFile; fileRef = DACDF166300B672C00DC9410 /* WordWidgetExtension.appex */; settings = {ATTRIBUTES = (RemoveHeadersOnCopy, ); }; };
		DADCA5FA2F82AF7B00AC0C2A /* PrivacyInfo.xcprivacy in Resources */ = {isa = PBXBuildFile; fileRef = DADCA5F92F82AF7B00AC0C2A /* PrivacyInfo.xcprivacy */; };
/* End PBXBuildFile section */

/* Begin PBXContainerItemProxy section */
		DA329630300AA1B200A0413A /* PBXContainerItemProxy */ = {
			isa = PBXContainerItemProxy;
			containerPortal = DA246CA81F8A6E5E00A75ED1 /* Project object */;
			proxyType = 1;
			remoteGlobalIDString = DA246CAF1F8A6E5E00A75ED1;
			remoteInfo = LearnWords;
		};
		DAA16D7024B60673003C28FD /* PBXContainerItemProxy */ = {
			isa = PBXContainerItemProxy;
			containerPortal = DA246CA81F8A6E5E00A75ED1 /* Project object */;
			proxyType = 1;
			remoteGlobalIDString = DAA16D6524B60673003C28FD;
			remoteInfo = ImportAsDictAction;
		};
		DACDF173300B672D00DC9410 /* PBXContainerItemProxy */ = {
			isa = PBXContainerItemProxy;
			containerPortal = DA246CA81F8A6E5E00A75ED1 /* Project object */;
			proxyType = 1;
			remoteGlobalIDString = DACDF165300B672C00DC9410;
			remoteInfo = WordWidgetExtension;
		};
/* End PBXContainerItemProxy section */

/* Begin PBXCopyFilesBuildPhase section */
		DA246CDA1F8AA30E00A75ED1 /* Embed Foundation Extensions */ = {
			isa = PBXCopyFilesBuildPhase;
			dstPath = "";
			dstSubfolder = PlugIns;
			files = (
				DAA16D7224B60673003C28FD /* ImportAsDictAction.appex in Embed Foundation Extensions */,
				DACDF175300B672D00DC9410 /* WordWidgetExtension.appex in Embed Foundation Extensions */,
			);
			name = "Embed Foundation Extensions";
		};
/* End PBXCopyFilesBuildPhase section */

/* Begin PBXFileReference section */
		DA246CB01F8A6E5E00A75ED1 /* LearnWords.app */ = {isa = PBXFileReference; explicitFileType = wrapper.application; includeInIndex = 0; path = LearnWords.app; sourceTree = BUILT_PRODUCTS_DIR; };
		DA32962C300AA1B200A0413A /* Unit Testing Bundle.xctest */ = {isa = PBXFileReference; explicitFileType = wrapper.cfbundle; includeInIndex = 0; path = "Unit Testing Bundle.xctest"; sourceTree = BUILT_PRODUCTS_DIR; };
		DA58C03B2ED481E000B4A733 /* AppIcon.icon */ = {isa = PBXFileReference; lastKnownFileType = folder.iconcomposer.icon; path = AppIcon.icon; sourceTree = "<group>"; };
		DAA16D6624B60673003C28FD /* ImportAsDictAction.appex */ = {isa = PBXFileReference; explicitFileType = "wrapper.app-extension"; includeInIndex = 0; path = ImportAsDictAction.appex; sourceTree = BUILT_PRODUCTS_DIR; };
		DACDF149300B662A00DC9410 /* WidgetKit.framework */ = {isa = PBXFileReference; lastKnownFileType = wrapper.framework; name = WidgetKit.framework; path = System/Library/Frameworks/WidgetKit.framework; sourceTree = SDKROOT; };
		DACDF14B300B662A00DC9410 /* SwiftUI.framework */ = {isa = PBXFileReference; lastKnownFileType = wrapper.framework; name = SwiftUI.framework; path = System/Library/Frameworks/SwiftUI.framework; sourceTree = SDKROOT; };
		DACDF166300B672C00DC9410 /* WordWidgetExtension.appex */ = {isa = PBXFileReference; explicitFileType = "wrapper.app-extension"; includeInIndex = 0; path = WordWidgetExtension.appex; sourceTree = BUILT_PRODUCTS_DIR; };
		DADCA5F92F82AF7B00AC0C2A /* PrivacyInfo.xcprivacy */ = {isa = PBXFileReference; lastKnownFileType = text.xml; path = PrivacyInfo.xcprivacy; sourceTree = "<group>"; };
/* End PBXFileReference section */

/* Begin PBXFileSystemSynchronizedBuildFileExceptionSet section */
		DACDF179300B672D00DC9410 /* Exceptions for "WordWidget" folder in "WordWidgetExtension" target */ = {
			isa = PBXFileSystemSynchronizedBuildFileExceptionSet;
			membershipExceptions = (
				Info.plist,
			);
			target = DACDF165300B672C00DC9410 /* WordWidgetExtension */;
		};
		DACDF1F0300B9ABC00DC9410 /* Exceptions for "LearnWords" folder in "WordWidgetExtension" target */ = {
			isa = PBXFileSystemSynchronizedBuildFileExceptionSet;
			membershipExceptions = (
				Controllers/Library.swift,
				Model/CoreData/LearnWords.xcdatamodeld,
				Model/CoreData/LWPersistence.swift,
				Model/CoreData/ManagedObjects.swift,
				Model/CoreData/StoreDeduplicator.swift,
				Model/Lexicon/LanguageCode.swift,
				Model/Lexicon/Lexicon.swift,
				Model/Lexicon/LexiconSeed.swift,
				Model/Lexicon/LexiconTypes.swift,
				Model/Lexicon/TermUsage.swift,
				Model/Practice/Exercise.swift,
				Model/Practice/LanguagePair.swift,
				Model/ReviewOutcome.swift,
				Model/Settings.swift,
				Shared/AppConstants.swift,
				Shared/Debug.swift,
				"Shared/Extensions/String+.swift",
				"Shared/Extensions/UserDefaults+Codable.swift",
			);
			target = DACDF165300B672C00DC9410 /* WordWidgetExtension */;
		};
		DADB609230083110002A71A8 /* Exceptions for "LearnWords" folder in "LearnWords" target */ = {
			isa = PBXFileSystemSynchronizedBuildFileExceptionSet;
			membershipExceptions = (
				Info.plist,
				README.md,
			);
			target = DA246CAF1F8A6E5E00A75ED1 /* LearnWords */;
		};
		DADB609430083110002A71A8 /* Exceptions for "LearnWords" folder in "ImportAsDictAction" target */ = {
			isa = PBXFileSystemSynchronizedBuildFileExceptionSet;
			membershipExceptions = (
				Shared/AppConstants.swift,
			);
			target = DAA16D6524B60673003C28FD /* ImportAsDictAction */;
		};
		DADB60AF3008312E002A71A8 /* Exceptions for "ImportAsDictAction" folder in "ImportAsDictAction" target */ = {
			isa = PBXFileSystemSynchronizedBuildFileExceptionSet;
			membershipExceptions = (
				Info.plist,
			);
			target = DAA16D6524B60673003C28FD /* ImportAsDictAction */;
		};
/* End PBXFileSystemSynchronizedBuildFileExceptionSet section */

/* Begin PBXFileSystemSynchronizedRootGroup section */
		DA32962D300AA1B200A0413A /* Unit Testing Bundle */ = {
			isa = PBXFileSystemSynchronizedRootGroup;
			path = "Unit Testing Bundle";
			sourceTree = "<group>";
		};
		DACDF14D300B662A00DC9410 /* WidgetKit */ = {
			isa = PBXFileSystemSynchronizedRootGroup;
			path = WidgetKit;
			sourceTree = "<group>";
		};
		DACDF169300B672C00DC9410 /* WordWidget */ = {
			isa = PBXFileSystemSynchronizedRootGroup;
			exceptions = (
				DACDF179300B672D00DC9410 /* Exceptions for "WordWidget" folder in "WordWidgetExtension" target */,
			);
			path = WordWidget;
			sourceTree = "<group>";
		};
		DADB60643008310F002A71A8 /* LearnWords */ = {
			isa = PBXFileSystemSynchronizedRootGroup;
			exceptions = (
				DADB609230083110002A71A8 /* Exceptions for "LearnWords" folder in "LearnWords" target */,
				DADB609430083110002A71A8 /* Exceptions for "LearnWords" folder in "ImportAsDictAction" target */,
				DACDF1F0300B9ABC00DC9410 /* Exceptions for "LearnWords" folder in "WordWidgetExtension" target */,
			);
			path = LearnWords;
			sourceTree = "<group>";
		};
		DADB60A83008312D002A71A8 /* ImportAsDictAction */ = {
			isa = PBXFileSystemSynchronizedRootGroup;
			exceptions = (
				DADB60AF3008312E002A71A8 /* Exceptions for "ImportAsDictAction" folder in "ImportAsDictAction" target */,
			);
			path = ImportAsDictAction;
			sourceTree = "<group>";
		};
/* End PBXFileSystemSynchronizedRootGroup section */

/* Begin PBXFrameworksBuildPhase section */
		DA246CAD1F8A6E5E00A75ED1 /* Frameworks */ = {
			isa = PBXFrameworksBuildPhase;
			files = (
				DACAF0DE300C000300DC9410 /* KaPow in Frameworks */,
			);
		};
		DA329629300AA1B200A0413A /* Frameworks */ = {
			isa = PBXFrameworksBuildPhase;
			files = (
			);
		};
		DAA16D6324B60673003C28FD /* Frameworks */ = {
			isa = PBXFrameworksBuildPhase;
			files = (
			);
		};
		DACDF163300B672C00DC9410 /* Frameworks */ = {
			isa = PBXFrameworksBuildPhase;
			files = (
				DACDF168300B672C00DC9410 /* SwiftUI.framework in Frameworks */,
				DACDF167300B672C00DC9410 /* WidgetKit.framework in Frameworks */,
			);
		};
/* End PBXFrameworksBuildPhase section */

/* Begin PBXGroup section */
		DA246CA71F8A6E5E00A75ED1 = {
			isa = PBXGroup;
			children = (
				DA58C03B2ED481E000B4A733 /* AppIcon.icon */,
				DADCA5F92F82AF7B00AC0C2A /* PrivacyInfo.xcprivacy */,
				DADB60643008310F002A71A8 /* LearnWords */,
				DADB60A83008312D002A71A8 /* ImportAsDictAction */,
				DA32962D300AA1B200A0413A /* Unit Testing Bundle */,
				DACDF14D300B662A00DC9410 /* WidgetKit */,
				DACDF169300B672C00DC9410 /* WordWidget */,
				DACDF148300B662A00DC9410 /* Frameworks */,
				DA246CB11F8A6E5E00A75ED1 /* Products */,
			);
			sourceTree = "<group>";
		};
		DA246CB11F8A6E5E00A75ED1 /* Products */ = {
			isa = PBXGroup;
			children = (
				DA246CB01F8A6E5E00A75ED1 /* LearnWords.app */,
				DAA16D6624B60673003C28FD /* ImportAsDictAction.appex */,
				DA32962C300AA1B200A0413A /* Unit Testing Bundle.xctest */,
				DACDF166300B672C00DC9410 /* WordWidgetExtension.appex */,
			);
			name = Products;
			sourceTree = "<group>";
		};
		DACDF148300B662A00DC9410 /* Frameworks */ = {
			isa = PBXGroup;
			children = (
				DACDF149300B662A00DC9410 /* WidgetKit.framework */,
				DACDF14B300B662A00DC9410 /* SwiftUI.framework */,
			);
			name = Frameworks;
			sourceTree = "<group>";
		};
/* End PBXGroup section */

/* Begin PBXNativeTarget section */
		DA246CAF1F8A6E5E00A75ED1 /* LearnWords */ = {
			isa = PBXNativeTarget;
			buildConfigurationList = DA246CC21F8A6E5E00A75ED1 /* Build configuration list for PBXNativeTarget "LearnWords" */;
			buildPhases = (
				DA246CAC1F8A6E5E00A75ED1 /* Sources */,
				DA246CAD1F8A6E5E00A75ED1 /* Frameworks */,
				DA246CAE1F8A6E5E00A75ED1 /* Resources */,
				DA246CDA1F8AA30E00A75ED1 /* Embed Foundation Extensions */,
			);
			buildRules = (
			);
			dependencies = (
				DAA16D7124B60673003C28FD /* PBXTargetDependency */,
				DACDF174300B672D00DC9410 /* PBXTargetDependency */,
			);
			fileSystemSynchronizedGroups = (
				DADB60643008310F002A71A8 /* LearnWords */,
			);
			name = LearnWords;
			packageProductDependencies = (
				DACAF0DE300C000200DC9410 /* KaPow */,
			);
			productName = LearnWords;
			productReference = DA246CB01F8A6E5E00A75ED1 /* LearnWords.app */;
			productType = "com.apple.product-type.application";
		};
		DA32962B300AA1B200A0413A /* Unit Testing Bundle */ = {
			isa = PBXNativeTarget;
			buildConfigurationList = DA329634300AA1B200A0413A /* Build configuration list for PBXNativeTarget "Unit Testing Bundle" */;
			buildPhases = (
				DA329628300AA1B200A0413A /* Sources */,
				DA329629300AA1B200A0413A /* Frameworks */,
				DA32962A300AA1B200A0413A /* Resources */,
			);
			buildRules = (
			);
			dependencies = (
				DA329631300AA1B200A0413A /* PBXTargetDependency */,
			);
			fileSystemSynchronizedGroups = (
				DA32962D300AA1B200A0413A /* Unit Testing Bundle */,
			);
			name = "Unit Testing Bundle";
			productName = "Unit Testing Bundle";
			productReference = DA32962C300AA1B200A0413A /* Unit Testing Bundle.xctest */;
			productType = "com.apple.product-type.bundle.unit-test";
		};
		DAA16D6524B60673003C28FD /* ImportAsDictAction */ = {
			isa = PBXNativeTarget;
			buildConfigurationList = DAA16D7324B60673003C28FD /* Build configuration list for PBXNativeTarget "ImportAsDictAction" */;
			buildPhases = (
				DAA16D6224B60673003C28FD /* Sources */,
				DAA16D6324B60673003C28FD /* Frameworks */,
				DAA16D6424B60673003C28FD /* Resources */,
			);
			buildRules = (
			);
			fileSystemSynchronizedGroups = (
				DADB60A83008312D002A71A8 /* ImportAsDictAction */,
			);
			name = ImportAsDictAction;
			productName = ImportAsDictAction;
			productReference = DAA16D6624B60673003C28FD /* ImportAsDictAction.appex */;
			productType = "com.apple.product-type.app-extension";
		};
		DACDF165300B672C00DC9410 /* WordWidgetExtension */ = {
			isa = PBXNativeTarget;
			buildConfigurationList = DACDF176300B672D00DC9410 /* Build configuration list for PBXNativeTarget "WordWidgetExtension" */;
			buildPhases = (
				DACDF162300B672C00DC9410 /* Sources */,
				DACDF163300B672C00DC9410 /* Frameworks */,
				DACDF164300B672C00DC9410 /* Resources */,
			);
			buildRules = (
			);
			fileSystemSynchronizedGroups = (
				DACDF169300B672C00DC9410 /* WordWidget */,
			);
			name = WordWidgetExtension;
			productName = WordWidgetExtension;
			productReference = DACDF166300B672C00DC9410 /* WordWidgetExtension.appex */;
			productType = "com.apple.product-type.app-extension";
		};
/* End PBXNativeTarget section */

/* Begin PBXProject section */
		DA246CA81F8A6E5E00A75ED1 /* Project object */ = {
			isa = PBXProject;
			attributes = {
				BuildIndependentTargetsInParallel = YES;
				LastSwiftUpdateCheck = 2660;
				LastUpgradeCheck = 2660;
				ORGANIZATIONNAME = Paul;
				TargetAttributes = {
					DA246CAF1F8A6E5E00A75ED1 = {
						CreatedOnToolsVersion = 9.0;
						LastSwiftMigration = 1240;
						SystemCapabilities = {
							com.apple.ApplicationGroups.iOS = {
								enabled = 1;
							};
						};
					};
					DA32962B300AA1B200A0413A = {
						CreatedOnToolsVersion = 26.6;
						TestTargetID = DA246CAF1F8A6E5E00A75ED1;
					};
					DAA16D6524B60673003C28FD = {
						CreatedOnToolsVersion = 11.5;
					};
					DACDF165300B672C00DC9410 = {
						CreatedOnToolsVersion = 26.6;
					};
				};
			};
			buildConfigurationList = DA246CAB1F8A6E5E00A75ED1 /* Build configuration list for PBXProject "LearnWords" */;
			developmentRegion = en;
			hasScannedForEncodings = 0;
			knownRegions = (
				en,
				Base,
				ru,
				es,
			);
			mainGroup = DA246CA71F8A6E5E00A75ED1;
			packageReferences = (
				DACAF0DE300C000100DC9410 /* XCRemoteSwiftPackageReference "KaPow" */,
			);
			preferredProjectObjectVersion = 100;
			productRefGroup = DA246CB11F8A6E5E00A75ED1 /* Products */;
			projectDirPath = "";
			projectRoot = "";
			targets = (
				DA246CAF1F8A6E5E00A75ED1 /* LearnWords */,
				DAA16D6524B60673003C28FD /* ImportAsDictAction */,
				DA32962B300AA1B200A0413A /* Unit Testing Bundle */,
				DACDF165300B672C00DC9410 /* WordWidgetExtension */,
			);
		};
/* End PBXProject section */

/* Begin PBXResourcesBuildPhase section */
		DA246CAE1F8A6E5E00A75ED1 /* Resources */ = {
			isa = PBXResourcesBuildPhase;
			files = (
				DA58C03C2ED481E000B4A733 /* AppIcon.icon in Resources */,
				DADCA5FA2F82AF7B00AC0C2A /* PrivacyInfo.xcprivacy in Resources */,
			);
		};
		DA32962A300AA1B200A0413A /* Resources */ = {
			isa = PBXResourcesBuildPhase;
			files = (
			);
		};
		DAA16D6424B60673003C28FD /* Resources */ = {
			isa = PBXResourcesBuildPhase;
			files = (
			);
		};
		DACDF164300B672C00DC9410 /* Resources */ = {
			isa = PBXResourcesBuildPhase;
			files = (
			);
		};
/* End PBXResourcesBuildPhase section */

/* Begin PBXSourcesBuildPhase section */
		DA246CAC1F8A6E5E00A75ED1 /* Sources */ = {
			isa = PBXSourcesBuildPhase;
			files = (
			);
		};
		DA329628300AA1B200A0413A /* Sources */ = {
			isa = PBXSourcesBuildPhase;
			files = (
			);
		};
		DAA16D6224B60673003C28FD /* Sources */ = {
			isa = PBXSourcesBuildPhase;
			files = (
			);
		};
		DACDF162300B672C00DC9410 /* Sources */ = {
			isa = PBXSourcesBuildPhase;
			files = (
			);
		};
/* End PBXSourcesBuildPhase section */

/* Begin PBXTargetDependency section */
		DA329631300AA1B200A0413A /* PBXTargetDependency */ = {
			isa = PBXTargetDependency;
			target = DA246CAF1F8A6E5E00A75ED1 /* LearnWords */;
			targetProxy = DA329630300AA1B200A0413A /* PBXContainerItemProxy */;
		};
		DAA16D7124B60673003C28FD /* PBXTargetDependency */ = {
			isa = PBXTargetDependency;
			target = DAA16D6524B60673003C28FD /* ImportAsDictAction */;
			targetProxy = DAA16D7024B60673003C28FD /* PBXContainerItemProxy */;
		};
		DACDF174300B672D00DC9410 /* PBXTargetDependency */ = {
			isa = PBXTargetDependency;
			target = DACDF165300B672C00DC9410 /* WordWidgetExtension */;
			targetProxy = DACDF173300B672D00DC9410 /* PBXContainerItemProxy */;
		};
/* End PBXTargetDependency section */

/* Begin XCBuildConfiguration section */
		DA246CC01F8A6E5E00A75ED1 /* Debug configuration for PBXProject "LearnWords" */ = {
			isa = XCBuildConfiguration;
			buildSettings = {
				ALWAYS_SEARCH_USER_PATHS = NO;
				ASSETCATALOG_COMPILER_APPICON_NAME = AppIcon;
				ASSETCATALOG_COMPILER_GENERATE_SWIFT_ASSET_SYMBOL_EXTENSIONS = YES;
				CLANG_ANALYZER_LOCALIZABILITY_NONLOCALIZED = YES;
				CLANG_ANALYZER_NONNULL = YES;
				CLANG_ANALYZER_NUMBER_OBJECT_CONVERSION = YES_AGGRESSIVE;
				CLANG_CXX_LANGUAGE_STANDARD = "gnu++14";
				CLANG_CXX_LIBRARY = "libc++";
				CLANG_ENABLE_MODULES = YES;
				CLANG_ENABLE_OBJC_ARC = YES;
				CLANG_WARN_BLOCK_CAPTURE_AUTORELEASING = YES;
				CLANG_WARN_BOOL_CONVERSION = YES;
				CLANG_WARN_COMMA = YES;
				CLANG_WARN_CONSTANT_CONVERSION = YES;
				CLANG_WARN_DEPRECATED_OBJC_IMPLEMENTATIONS = YES;
				CLANG_WARN_DIRECT_OBJC_ISA_USAGE = YES_ERROR;
				CLANG_WARN_DOCUMENTATION_COMMENTS = YES;
				CLANG_WARN_EMPTY_BODY = YES;
				CLANG_WARN_ENUM_CONVERSION = YES;
				CLANG_WARN_INFINITE_RECURSION = YES;
				CLANG_WARN_INT_CONVERSION = YES;
				CLANG_WARN_NON_LITERAL_NULL_CONVERSION = YES;
				CLANG_WARN_OBJC_IMPLICIT_RETAIN_SELF = YES;
				CLANG_WARN_OBJC_LITERAL_CONVERSION = YES;
				CLANG_WARN_OBJC_ROOT_CLASS = YES_ERROR;
				CLANG_WARN_QUOTED_INCLUDE_IN_FRAMEWORK_HEADER = YES;
				CLANG_WARN_RANGE_LOOP_ANALYSIS = YES;
				CLANG_WARN_STRICT_PROTOTYPES = YES;
				CLANG_WARN_SUSPICIOUS_MOVE = YES;
				CLANG_WARN_UNGUARDED_AVAILABILITY = YES_AGGRESSIVE;
				CLANG_WARN_UNREACHABLE_CODE = YES;
				CLANG_WARN__DUPLICATE_METHOD_MATCH = YES;
				CODE_SIGN_IDENTITY = "iPhone Developer";
				COPY_PHASE_STRIP = NO;
				CURRENT_PROJECT_VERSION = 10;
				DEBUG_INFORMATION_FORMAT = dwarf;
				DEVELOPMENT_TEAM = WEJF495R4D;
				ENABLE_STRICT_OBJC_MSGSEND = YES;
				ENABLE_TESTABILITY = YES;
				ENABLE_USER_SCRIPT_SANDBOXING = YES;
				GCC_C_LANGUAGE_STANDARD = gnu11;
				GCC_DYNAMIC_NO_PIC = NO;
				GCC_NO_COMMON_BLOCKS = YES;
				GCC_OPTIMIZATION_LEVEL = 0;
				GCC_PREPROCESSOR_DEFINITIONS = (
					"DEBUG=1",
					"$(inherited)",
				);
				GCC_WARN_64_TO_32_BIT_CONVERSION = YES;
				GCC_WARN_ABOUT_RETURN_TYPE = YES_ERROR;
				GCC_WARN_UNDECLARED_SELECTOR = YES;
				GCC_WARN_UNINITIALIZED_AUTOS = YES_AGGRESSIVE;
				GCC_WARN_UNUSED_FUNCTION = YES;
				GCC_WARN_UNUSED_VARIABLE = YES;
				IPHONEOS_DEPLOYMENT_TARGET = 15.0;
				LOCALIZATION_PREFERS_STRING_CATALOGS = YES;
				MARKETING_VERSION = 1.3.0;
				MTL_ENABLE_DEBUG_INFO = YES;
				ONLY_ACTIVE_ARCH = YES;
				SDKROOT = iphoneos;
				STRING_CATALOG_GENERATE_SYMBOLS = YES;
				SWIFT_ACTIVE_COMPILATION_CONDITIONS = DEBUG;
				SWIFT_EMIT_LOC_STRINGS = YES;
				SWIFT_OPTIMIZATION_LEVEL = "-Onone";
				SWIFT_VERSION = "";
			};
			name = Debug;
		};
		DA246CC11F8A6E5E00A75ED1 /* Release configuration for PBXProject "LearnWords" */ = {
			isa = XCBuildConfiguration;
			buildSettings = {
				ALWAYS_SEARCH_USER_PATHS = NO;
				ASSETCATALOG_COMPILER_APPICON_NAME = AppIcon;
				ASSETCATALOG_COMPILER_GENERATE_SWIFT_ASSET_SYMBOL_EXTENSIONS = YES;
				CLANG_ANALYZER_LOCALIZABILITY_NONLOCALIZED = YES;
				CLANG_ANALYZER_NONNULL = YES;
				CLANG_ANALYZER_NUMBER_OBJECT_CONVERSION = YES_AGGRESSIVE;
				CLANG_CXX_LANGUAGE_STANDARD = "gnu++14";
				CLANG_CXX_LIBRARY = "libc++";
				CLANG_ENABLE_MODULES = YES;
				CLANG_ENABLE_OBJC_ARC = YES;
				CLANG_WARN_BLOCK_CAPTURE_AUTORELEASING = YES;
				CLANG_WARN_BOOL_CONVERSION = YES;
				CLANG_WARN_COMMA = YES;
				CLANG_WARN_CONSTANT_CONVERSION = YES;
				CLANG_WARN_DEPRECATED_OBJC_IMPLEMENTATIONS = YES;
				CLANG_WARN_DIRECT_OBJC_ISA_USAGE = YES_ERROR;
				CLANG_WARN_DOCUMENTATION_COMMENTS = YES;
				CLANG_WARN_EMPTY_BODY = YES;
				CLANG_WARN_ENUM_CONVERSION = YES;
				CLANG_WARN_INFINITE_RECURSION = YES;
				CLANG_WARN_INT_CONVERSION = YES;
				CLANG_WARN_NON_LITERAL_NULL_CONVERSION = YES;
				CLANG_WARN_OBJC_IMPLICIT_RETAIN_SELF = YES;
				CLANG_WARN_OBJC_LITERAL_CONVERSION = YES;
				CLANG_WARN_OBJC_ROOT_CLASS = YES_ERROR;
				CLANG_WARN_QUOTED_INCLUDE_IN_FRAMEWORK_HEADER = YES;
				CLANG_WARN_RANGE_LOOP_ANALYSIS = YES;
				CLANG_WARN_STRICT_PROTOTYPES = YES;
				CLANG_WARN_SUSPICIOUS_MOVE = YES;
				CLANG_WARN_UNGUARDED_AVAILABILITY = YES_AGGRESSIVE;
				CLANG_WARN_UNREACHABLE_CODE = YES;
				CLANG_WARN__DUPLICATE_METHOD_MATCH = YES;
				CODE_SIGN_IDENTITY = "iPhone Developer";
				COPY_PHASE_STRIP = NO;
				CURRENT_PROJECT_VERSION = 10;
				DEBUG_INFORMATION_FORMAT = "dwarf-with-dsym";
				DEVELOPMENT_TEAM = WEJF495R4D;
				ENABLE_NS_ASSERTIONS = NO;
				ENABLE_STRICT_OBJC_MSGSEND = YES;
				ENABLE_USER_SCRIPT_SANDBOXING = YES;
				GCC_C_LANGUAGE_STANDARD = gnu11;
				GCC_NO_COMMON_BLOCKS = YES;
				GCC_WARN_64_TO_32_BIT_CONVERSION = YES;
				GCC_WARN_ABOUT_RETURN_TYPE = YES_ERROR;
				GCC_WARN_UNDECLARED_SELECTOR = YES;
				GCC_WARN_UNINITIALIZED_AUTOS = YES_AGGRESSIVE;
				GCC_WARN_UNUSED_FUNCTION = YES;
				GCC_WARN_UNUSED_VARIABLE = YES;
				IPHONEOS_DEPLOYMENT_TARGET = 15.0;
				LOCALIZATION_PREFERS_STRING_CATALOGS = YES;
				MARKETING_VERSION = 1.3.0;
				MTL_ENABLE_DEBUG_INFO = NO;
				SDKROOT = iphoneos;
				STRING_CATALOG_GENERATE_SYMBOLS = YES;
				SWIFT_COMPILATION_MODE = wholemodule;
				SWIFT_EMIT_LOC_STRINGS = YES;
				SWIFT_OPTIMIZATION_LEVEL = "-O";
				SWIFT_VERSION = "";
				VALIDATE_PRODUCT = YES;
			};
			name = Release;
		};
		DA246CC31F8A6E5E00A75ED1 /* Debug configuration for PBXNativeTarget "LearnWords" */ = {
			isa = XCBuildConfiguration;
			buildSettings = {
				ASSETCATALOG_COMPILER_APPICON_NAME = AppIcon;
				CODE_SIGN_ENTITLEMENTS = LearnWords/LearnWords.entitlements;
				CODE_SIGN_IDENTITY = "Apple Development";
				CODE_SIGN_STYLE = Automatic;
				DEVELOPMENT_TEAM = WEJF495R4D;
				INFOPLIST_FILE = LearnWords/Info.plist;
				INFOPLIST_KEY_CFBundleDisplayName = "Learn Words Legacy";
				INFOPLIST_KEY_LSApplicationCategoryType = "public.app-category.education";
				LD_RUNPATH_SEARCH_PATHS = (
					"$(inherited)",
					"@executable_path/Frameworks",
				);
				PRODUCT_BUNDLE_IDENTIFIER = club.laconic.LearnWords;
				PRODUCT_NAME = "$(TARGET_NAME)";
				PROVISIONING_PROFILE_SPECIFIER = "";
				SWIFT_VERSION = 5.0;
				TARGETED_DEVICE_FAMILY = "1,2";
			};
			name = Debug;
		};
		DA246CC41F8A6E5E00A75ED1 /* Release configuration for PBXNativeTarget "LearnWords" */ = {
			isa = XCBuildConfiguration;
			buildSettings = {
				ASSETCATALOG_COMPILER_APPICON_NAME = AppIcon;
				CODE_SIGN_ENTITLEMENTS = LearnWords/LearnWords.entitlements;
				CODE_SIGN_IDENTITY = "Apple Development";
				CODE_SIGN_STYLE = Automatic;
				DEVELOPMENT_TEAM = WEJF495R4D;
				INFOPLIST_FILE = LearnWords/Info.plist;
				INFOPLIST_KEY_CFBundleDisplayName = "Learn Words Legacy";
				INFOPLIST_KEY_LSApplicationCategoryType = "public.app-category.education";
				LD_RUNPATH_SEARCH_PATHS = (
					"$(inherited)",
					"@executable_path/Frameworks",
				);
				PRODUCT_BUNDLE_IDENTIFIER = club.laconic.LearnWords;
				PRODUCT_NAME = "$(TARGET_NAME)";
				PROVISIONING_PROFILE_SPECIFIER = "";
				SWIFT_VERSION = 5.0;
				TARGETED_DEVICE_FAMILY = "1,2";
			};
			name = Release;
		};
		DA329632300AA1B200A0413A /* Debug configuration for PBXNativeTarget "Unit Testing Bundle" */ = {
			isa = XCBuildConfiguration;
			buildSettings = {
				BUNDLE_LOADER = "$(TEST_HOST)";
				CLANG_CXX_LANGUAGE_STANDARD = "gnu++20";
				CLANG_ENABLE_OBJC_WEAK = YES;
				"CODE_SIGN_IDENTITY[sdk=macosx*]" = "Apple Development";
				CODE_SIGN_STYLE = Automatic;
				CURRENT_PROJECT_VERSION = 1;
				DEVELOPMENT_TEAM = WEJF495R4D;
				GCC_C_LANGUAGE_STANDARD = gnu17;
				GENERATE_INFOPLIST_FILE = YES;
				IPHONEOS_DEPLOYMENT_TARGET = 26.5;
				MARKETING_VERSION = 1.0;
				MTL_ENABLE_DEBUG_INFO = INCLUDE_SOURCE;
				MTL_FAST_MATH = YES;
				PRODUCT_BUNDLE_IDENTIFIER = "com.learnable.Unit-Testing-Bundle";
				PRODUCT_NAME = "$(TARGET_NAME)";
				STRING_CATALOG_GENERATE_SYMBOLS = NO;
				SWIFT_ACTIVE_COMPILATION_CONDITIONS = "DEBUG $(inherited)";
				SWIFT_APPROACHABLE_CONCURRENCY = YES;
				SWIFT_EMIT_LOC_STRINGS = NO;
				SWIFT_UPCOMING_FEATURE_MEMBER_IMPORT_VISIBILITY = YES;
				SWIFT_VERSION = 5.0;
				TARGETED_DEVICE_FAMILY = "1,2";
				TEST_HOST = "$(BUILT_PRODUCTS_DIR)/LearnWords.app/$(BUNDLE_EXECUTABLE_FOLDER_PATH)/LearnWords";
			};
			name = Debug;
		};
		DA329633300AA1B200A0413A /* Release configuration for PBXNativeTarget "Unit Testing Bundle" */ = {
			isa = XCBuildConfiguration;
			buildSettings = {
				BUNDLE_LOADER = "$(TEST_HOST)";
				CLANG_CXX_LANGUAGE_STANDARD = "gnu++20";
				CLANG_ENABLE_OBJC_WEAK = YES;
				"CODE_SIGN_IDENTITY[sdk=macosx*]" = "Apple Development";
				CODE_SIGN_STYLE = Automatic;
				CURRENT_PROJECT_VERSION = 1;
				DEVELOPMENT_TEAM = WEJF495R4D;
				GCC_C_LANGUAGE_STANDARD = gnu17;
				GENERATE_INFOPLIST_FILE = YES;
				IPHONEOS_DEPLOYMENT_TARGET = 26.5;
				MARKETING_VERSION = 1.0;
				MTL_FAST_MATH = YES;
				PRODUCT_BUNDLE_IDENTIFIER = "com.learnable.Unit-Testing-Bundle";
				PRODUCT_NAME = "$(TARGET_NAME)";
				STRING_CATALOG_GENERATE_SYMBOLS = NO;
				SWIFT_APPROACHABLE_CONCURRENCY = YES;
				SWIFT_EMIT_LOC_STRINGS = NO;
				SWIFT_UPCOMING_FEATURE_MEMBER_IMPORT_VISIBILITY = YES;
				SWIFT_VERSION = 5.0;
				TARGETED_DEVICE_FAMILY = "1,2";
				TEST_HOST = "$(BUILT_PRODUCTS_DIR)/LearnWords.app/$(BUNDLE_EXECUTABLE_FOLDER_PATH)/LearnWords";
			};
			name = Release;
		};
		DAA16D7424B60673003C28FD /* Debug configuration for PBXNativeTarget "ImportAsDictAction" */ = {
			isa = XCBuildConfiguration;
			buildSettings = {
				APPLICATION_EXTENSION_API_ONLY = YES;
				ASSETCATALOG_COMPILER_APPICON_NAME = "AppIconExtension-iOS";
				CLANG_ENABLE_OBJC_WEAK = YES;
				CODE_SIGN_ENTITLEMENTS = ImportAsDictAction/ImportAsDictAction.entitlements;
				CODE_SIGN_IDENTITY = "Apple Development";
				CODE_SIGN_STYLE = Automatic;
				DEVELOPMENT_TEAM = WEJF495R4D;
				INFOPLIST_FILE = ImportAsDictAction/Info.plist;
				LD_RUNPATH_SEARCH_PATHS = (
					"$(inherited)",
					"@executable_path/Frameworks",
					"@executable_path/../../Frameworks",
				);
				MTL_ENABLE_DEBUG_INFO = INCLUDE_SOURCE;
				MTL_FAST_MATH = YES;
				PRODUCT_BUNDLE_IDENTIFIER = club.laconic.LearnWords.ImportAsDictAction;
				PRODUCT_NAME = "$(TARGET_NAME)";
				PROVISIONING_PROFILE_SPECIFIER = "";
				SKIP_INSTALL = YES;
				SWIFT_VERSION = 5.0;
				TARGETED_DEVICE_FAMILY = "1,2";
			};
			name = Debug;
		};
		DAA16D7524B60673003C28FD /* Release configuration for PBXNativeTarget "ImportAsDictAction" */ = {
			isa = XCBuildConfiguration;
			buildSettings = {
				APPLICATION_EXTENSION_API_ONLY = YES;
				ASSETCATALOG_COMPILER_APPICON_NAME = "AppIconExtension-iOS";
				CLANG_ENABLE_OBJC_WEAK = YES;
				CODE_SIGN_ENTITLEMENTS = ImportAsDictAction/ImportAsDictAction.entitlements;
				CODE_SIGN_IDENTITY = "Apple Development";
				CODE_SIGN_STYLE = Automatic;
				DEVELOPMENT_TEAM = WEJF495R4D;
				INFOPLIST_FILE = ImportAsDictAction/Info.plist;
				LD_RUNPATH_SEARCH_PATHS = (
					"$(inherited)",
					"@executable_path/Frameworks",
					"@executable_path/../../Frameworks",
				);
				MTL_FAST_MATH = YES;
				PRODUCT_BUNDLE_IDENTIFIER = club.laconic.LearnWords.ImportAsDictAction;
				PRODUCT_NAME = "$(TARGET_NAME)";
				PROVISIONING_PROFILE_SPECIFIER = "";
				SKIP_INSTALL = YES;
				SWIFT_VERSION = 5.0;
				TARGETED_DEVICE_FAMILY = "1,2";
			};
			name = Release;
		};
		DACDF177300B672D00DC9410 /* Debug configuration for PBXNativeTarget "WordWidgetExtension" */ = {
			isa = XCBuildConfiguration;
			buildSettings = {
				ASSETCATALOG_COMPILER_APPICON_NAME = "";
				ASSETCATALOG_COMPILER_GLOBAL_ACCENT_COLOR_NAME = AccentColor;
				ASSETCATALOG_COMPILER_WIDGET_BACKGROUND_COLOR_NAME = WidgetBackground;
				CLANG_CXX_LANGUAGE_STANDARD = "gnu++20";
				CLANG_ENABLE_OBJC_WEAK = YES;
				CODE_SIGN_ENTITLEMENTS = WordWidget/WordWidget.entitlements;
				CODE_SIGN_IDENTITY = "Apple Development";
				CODE_SIGN_STYLE = Automatic;
				DEVELOPMENT_TEAM = WEJF495R4D;
				GCC_C_LANGUAGE_STANDARD = gnu17;
				GENERATE_INFOPLIST_FILE = YES;
				INFOPLIST_FILE = WordWidget/Info.plist;
				INFOPLIST_KEY_CFBundleDisplayName = WordWidget;
				INFOPLIST_KEY_NSHumanReadableCopyright = "Copyright © 2026 Paul. All rights reserved.";
				LD_RUNPATH_SEARCH_PATHS = (
					"$(inherited)",
					"@executable_path/Frameworks",
					"@executable_path/../../Frameworks",
				);
				MTL_ENABLE_DEBUG_INFO = INCLUDE_SOURCE;
				MTL_FAST_MATH = YES;
				PRODUCT_BUNDLE_IDENTIFIER = club.laconic.LearnWords.WordWidget;
				PRODUCT_NAME = "$(TARGET_NAME)";
				SKIP_INSTALL = YES;
				STRING_CATALOG_GENERATE_SYMBOLS = YES;
				SWIFT_ACTIVE_COMPILATION_CONDITIONS = "DEBUG $(inherited)";
				SWIFT_APPROACHABLE_CONCURRENCY = YES;
				SWIFT_EMIT_LOC_STRINGS = YES;
				SWIFT_UPCOMING_FEATURE_MEMBER_IMPORT_VISIBILITY = YES;
				SWIFT_VERSION = 5.0;
				TARGETED_DEVICE_FAMILY = "1,2";
			};
			name = Debug;
		};
		DACDF178300B672D00DC9410 /* Release configuration for PBXNativeTarget "WordWidgetExtension" */ = {
			isa = XCBuildConfiguration;
			buildSettings = {
				ASSETCATALOG_COMPILER_APPICON_NAME = "";
				ASSETCATALOG_COMPILER_GLOBAL_ACCENT_COLOR_NAME = AccentColor;
				ASSETCATALOG_COMPILER_WIDGET_BACKGROUND_COLOR_NAME = WidgetBackground;
				CLANG_CXX_LANGUAGE_STANDARD = "gnu++20";
				CLANG_ENABLE_OBJC_WEAK = YES;
				CODE_SIGN_ENTITLEMENTS = WordWidget/WordWidget.entitlements;
				CODE_SIGN_IDENTITY = "Apple Development";
				CODE_SIGN_STYLE = Automatic;
				DEVELOPMENT_TEAM = WEJF495R4D;
				GCC_C_LANGUAGE_STANDARD = gnu17;
				GENERATE_INFOPLIST_FILE = YES;
				INFOPLIST_FILE = WordWidget/Info.plist;
				INFOPLIST_KEY_CFBundleDisplayName = WordWidget;
				INFOPLIST_KEY_NSHumanReadableCopyright = "Copyright © 2026 Paul. All rights reserved.";
				LD_RUNPATH_SEARCH_PATHS = (
					"$(inherited)",
					"@executable_path/Frameworks",
					"@executable_path/../../Frameworks",
				);
				MTL_FAST_MATH = YES;
				PRODUCT_BUNDLE_IDENTIFIER = club.laconic.LearnWords.WordWidget;
				PRODUCT_NAME = "$(TARGET_NAME)";
				SKIP_INSTALL = YES;
				STRING_CATALOG_GENERATE_SYMBOLS = YES;
				SWIFT_APPROACHABLE_CONCURRENCY = YES;
				SWIFT_EMIT_LOC_STRINGS = YES;
				SWIFT_UPCOMING_FEATURE_MEMBER_IMPORT_VISIBILITY = YES;
				SWIFT_VERSION = 5.0;
				TARGETED_DEVICE_FAMILY = "1,2";
			};
			name = Release;
		};
/* End XCBuildConfiguration section */

/* Begin XCConfigurationList section */
		DA246CAB1F8A6E5E00A75ED1 /* Build configuration list for PBXProject "LearnWords" */ = {
			isa = XCConfigurationList;
			buildConfigurations = (
				DA246CC01F8A6E5E00A75ED1 /* Debug configuration for PBXProject "LearnWords" */,
				DA246CC11F8A6E5E00A75ED1 /* Release configuration for PBXProject "LearnWords" */,
			);
			defaultConfigurationName = Release;
		};
		DA246CC21F8A6E5E00A75ED1 /* Build configuration list for PBXNativeTarget "LearnWords" */ = {
			isa = XCConfigurationList;
			buildConfigurations = (
				DA246CC31F8A6E5E00A75ED1 /* Debug configuration for PBXNativeTarget "LearnWords" */,
				DA246CC41F8A6E5E00A75ED1 /* Release configuration for PBXNativeTarget "LearnWords" */,
			);
			defaultConfigurationName = Release;
		};
		DA329634300AA1B200A0413A /* Build configuration list for PBXNativeTarget "Unit Testing Bundle" */ = {
			isa = XCConfigurationList;
			buildConfigurations = (
				DA329632300AA1B200A0413A /* Debug configuration for PBXNativeTarget "Unit Testing Bundle" */,
				DA329633300AA1B200A0413A /* Release configuration for PBXNativeTarget "Unit Testing Bundle" */,
			);
			defaultConfigurationName = Release;
		};
		DAA16D7324B60673003C28FD /* Build configuration list for PBXNativeTarget "ImportAsDictAction" */ = {
			isa = XCConfigurationList;
			buildConfigurations = (
				DAA16D7424B60673003C28FD /* Debug configuration for PBXNativeTarget "ImportAsDictAction" */,
				DAA16D7524B60673003C28FD /* Release configuration for PBXNativeTarget "ImportAsDictAction" */,
			);
			defaultConfigurationName = Release;
		};
		DACDF176300B672D00DC9410 /* Build configuration list for PBXNativeTarget "WordWidgetExtension" */ = {
			isa = XCConfigurationList;
			buildConfigurations = (
				DACDF177300B672D00DC9410 /* Debug configuration for PBXNativeTarget "WordWidgetExtension" */,
				DACDF178300B672D00DC9410 /* Release configuration for PBXNativeTarget "WordWidgetExtension" */,
			);
			defaultConfigurationName = Release;
		};
/* End XCConfigurationList section */

/* Begin XCRemoteSwiftPackageReference section */
		DACAF0DE300C000100DC9410 /* XCRemoteSwiftPackageReference "KaPow" */ = {
			isa = XCRemoteSwiftPackageReference;
			repositoryURL = "https://github.com/laconicman/KaPow";
			requirement = {
				kind = upToNextMajorVersion;
				minimumVersion = 1.0.0;
			};
		};
/* End XCRemoteSwiftPackageReference section */

/* Begin XCSwiftPackageProductDependency section */
		DACAF0DE300C000200DC9410 /* KaPow */ = {
			isa = XCSwiftPackageProductDependency;
			package = DACAF0DE300C000100DC9410 /* XCRemoteSwiftPackageReference "KaPow" */;
			productName = KaPow;
		};
/* End XCSwiftPackageProductDependency section */
	};
	rootObject = DA246CA81F8A6E5E00A75ED1 /* Project object */;
}
