// !$*UTF8*$!
{
	archiveVersion = 1;
	classes = {
	};
	objectVersion = 48;
	objects = {

/* Begin PBXBuildFile section */
		DA246CB41F8A6E5E00A75ED1 /* AppDelegate.swift in Sources */ = {isa = PBXBuildFile; fileRef = DA246CB31F8A6E5E00A75ED1 /* AppDelegate.swift */; };
		DA246CB61F8A6E5E00A75ED1 /* WordTableViewController.swift in Sources */ = {isa = PBXBuildFile; fileRef = DA246CB51F8A6E5E00A75ED1 /* WordTableViewController.swift */; };
		DA246CB91F8A6E5E00A75ED1 /* Main.storyboard in Resources */ = {isa = PBXBuildFile; fileRef = DA246CB71F8A6E5E00A75ED1 /* Main.storyboard */; };
		DA246CBB1F8A6E5E00A75ED1 /* Assets.xcassets in Resources */ = {isa = PBXBuildFile; fileRef = DA246CBA1F8A6E5E00A75ED1 /* Assets.xcassets */; };
		DA246CBE1F8A6E5E00A75ED1 /* LaunchScreen.storyboard in Resources */ = {isa = PBXBuildFile; fileRef = DA246CBC1F8A6E5E00A75ED1 /* LaunchScreen.storyboard */; };
		DA246CCC1F8AA30E00A75ED1 /* NotificationCenter.framework in Frameworks */ = {isa = PBXBuildFile; fileRef = DA246CCB1F8AA30E00A75ED1 /* NotificationCenter.framework */; };
		DA246CCF1F8AA30E00A75ED1 /* TodayViewController.swift in Sources */ = {isa = PBXBuildFile; fileRef = DA246CCE1F8AA30E00A75ED1 /* TodayViewController.swift */; };
		DA246CD21F8AA30E00A75ED1 /* MainInterface.storyboard in Resources */ = {isa = PBXBuildFile; fileRef = DA246CD01F8AA30E00A75ED1 /* MainInterface.storyboard */; };
		DA246CD61F8AA30E00A75ED1 /* Widget.appex in Embed App Extensions */ = {isa = PBXBuildFile; fileRef = DA246CC91F8AA30E00A75ED1 /* Widget.appex */; settings = {ATTRIBUTES = (RemoveHeadersOnCopy, ); }; };
		DA246CDE1F8AE3DA00A75ED1 /* WordTestViewController.swift in Sources */ = {isa = PBXBuildFile; fileRef = DA246CDD1F8AE3DA00A75ED1 /* WordTestViewController.swift */; };
		DA2E2CE7265E865A00EF285C /* WordDictationController.swift in Sources */ = {isa = PBXBuildFile; fileRef = DA2E2CE6265E865900EF285C /* WordDictationController.swift */; };
		DA2E2CF5265E9AA200EF285C /* TabBarControllerHome.swift in Sources */ = {isa = PBXBuildFile; fileRef = DA2E2CF4265E9AA200EF285C /* TabBarControllerHome.swift */; };
		DA2E2D0E26612B8B00EF285C /* UserDefaults+Codable.swift in Sources */ = {isa = PBXBuildFile; fileRef = DA2E2D0D26612B8A00EF285C /* UserDefaults+Codable.swift */; };
		DA2E2D1826623F0700EF285C /* UnderKeyboardDistrib.swift in Sources */ = {isa = PBXBuildFile; fileRef = DA2E2D1726623F0700EF285C /* UnderKeyboardDistrib.swift */; };
		DA2E2D90267A540900EF285C /* LWSpeechSynth.swift in Sources */ = {isa = PBXBuildFile; fileRef = DA2E2D8F267A540900EF285C /* LWSpeechSynth.swift */; };
		DA2E2D9B267B683400EF285C /* HapticFeedback.swift in Sources */ = {isa = PBXBuildFile; fileRef = DA2E2D9A267B683400EF285C /* HapticFeedback.swift */; };
		DA2E2DA3267CB63E00EF285C /* WordSetsTableViewController.swift in Sources */ = {isa = PBXBuildFile; fileRef = DA2E2DA2267CB63E00EF285C /* WordSetsTableViewController.swift */; };
		DA4162F41F8BE62600165694 /* WordsModel.swift in Sources */ = {isa = PBXBuildFile; fileRef = DA4162F31F8BE62600165694 /* WordsModel.swift */; };
		DA4162F61F8C219500165694 /* GradientButton.swift in Sources */ = {isa = PBXBuildFile; fileRef = DA4162F51F8C219500165694 /* GradientButton.swift */; };
		DA86ADF423489FF7007E3221 /* String+.swift in Sources */ = {isa = PBXBuildFile; fileRef = DA86ADF323489FF7007E3221 /* String+.swift */; };
		DA88CB8421A687C00094D1F8 /* Settings.bundle in Resources */ = {isa = PBXBuildFile; fileRef = DA88CB8321A687BF0094D1F8 /* Settings.bundle */; };
		DA88CB8521A687C00094D1F8 /* Settings.bundle in Resources */ = {isa = PBXBuildFile; fileRef = DA88CB8321A687BF0094D1F8 /* Settings.bundle */; };
		DA9156282684CBCE00CAEB26 /* WordPhoneticsViewController.swift in Sources */ = {isa = PBXBuildFile; fileRef = DA9156272684CBCE00CAEB26 /* WordPhoneticsViewController.swift */; };
		DAA16D6924B60673003C28FD /* Media.xcassets in Resources */ = {isa = PBXBuildFile; fileRef = DAA16D6824B60673003C28FD /* Media.xcassets */; };
		DAA16D6B24B60673003C28FD /* ActionViewController.swift in Sources */ = {isa = PBXBuildFile; fileRef = DAA16D6A24B60673003C28FD /* ActionViewController.swift */; };
		DAA16D6E24B60673003C28FD /* MainInterface.storyboard in Resources */ = {isa = PBXBuildFile; fileRef = DAA16D6C24B60673003C28FD /* MainInterface.storyboard */; };
		DAA16D7224B60673003C28FD /* ImportAsDictAction.appex in Embed App Extensions */ = {isa = PBXBuildFile; fileRef = DAA16D6624B60673003C28FD /* ImportAsDictAction.appex */; settings = {ATTRIBUTES = (RemoveHeadersOnCopy, ); }; };
		DAC884BA219C8710005C6588 /* SearchWordViewController.swift in Sources */ = {isa = PBXBuildFile; fileRef = DAC884B9219C8710005C6588 /* SearchWordViewController.swift */; };
		DAD5E0D6219EF1400084FD1A /* Images.imagecatalog in Resources */ = {isa = PBXBuildFile; fileRef = DAD5E0D5219EF1400084FD1A /* Images.imagecatalog */; };
		DAEC8DCE219DF691009097C2 /* Settings.swift in Sources */ = {isa = PBXBuildFile; fileRef = DAEC8DCD219DF691009097C2 /* Settings.swift */; };
/* End PBXBuildFile section */

/* Begin PBXContainerItemProxy section */
		DA246CD41F8AA30E00A75ED1 /* PBXContainerItemProxy */ = {
			isa = PBXContainerItemProxy;
			containerPortal = DA246CA81F8A6E5E00A75ED1 /* Project object */;
			proxyType = 1;
			remoteGlobalIDString = DA246CC81F8AA30E00A75ED1;
			remoteInfo = Widget;
		};
		DAA16D7024B60673003C28FD /* PBXContainerItemProxy */ = {
			isa = PBXContainerItemProxy;
			containerPortal = DA246CA81F8A6E5E00A75ED1 /* Project object */;
			proxyType = 1;
			remoteGlobalIDString = DAA16D6524B60673003C28FD;
			remoteInfo = ImportAsDictAction;
		};
/* End PBXContainerItemProxy section */

/* Begin PBXCopyFilesBuildPhase section */
		DA246CDA1F8AA30E00A75ED1 /* Embed App Extensions */ = {
			isa = PBXCopyFilesBuildPhase;
			buildActionMask = 2147483647;
			dstPath = "";
			dstSubfolderSpec = 13;
			files = (
				DA246CD61F8AA30E00A75ED1 /* Widget.appex in Embed App Extensions */,
				DAA16D7224B60673003C28FD /* ImportAsDictAction.appex in Embed App Extensions */,
			);
			name = "Embed App Extensions";
			runOnlyForDeploymentPostprocessing = 0;
		};
/* End PBXCopyFilesBuildPhase section */

/* Begin PBXFileReference section */
		DA246CB01F8A6E5E00A75ED1 /* LearnWords.app */ = {isa = PBXFileReference; explicitFileType = wrapper.application; includeInIndex = 0; path = LearnWords.app; sourceTree = BUILT_PRODUCTS_DIR; };
		DA246CB31F8A6E5E00A75ED1 /* AppDelegate.swift */ = {isa = PBXFileReference; lastKnownFileType = sourcecode.swift; path = AppDelegate.swift; sourceTree = "<group>"; };
		DA246CB51F8A6E5E00A75ED1 /* WordTableViewController.swift */ = {isa = PBXFileReference; lastKnownFileType = sourcecode.swift; path = WordTableViewController.swift; sourceTree = "<group>"; };
		DA246CB81F8A6E5E00A75ED1 /* Base */ = {isa = PBXFileReference; lastKnownFileType = file.storyboard; name = Base; path = Base.lproj/Main.storyboard; sourceTree = "<group>"; };
		DA246CBA1F8A6E5E00A75ED1 /* Assets.xcassets */ = {isa = PBXFileReference; lastKnownFileType = folder.assetcatalog; path = Assets.xcassets; sourceTree = "<group>"; };
		DA246CBD1F8A6E5E00A75ED1 /* Base */ = {isa = PBXFileReference; lastKnownFileType = file.storyboard; name = Base; path = Base.lproj/LaunchScreen.storyboard; sourceTree = "<group>"; };
		DA246CBF1F8A6E5E00A75ED1 /* Info.plist */ = {isa = PBXFileReference; lastKnownFileType = text.plist.xml; path = Info.plist; sourceTree = "<group>"; };
		DA246CC91F8AA30E00A75ED1 /* Widget.appex */ = {isa = PBXFileReference; explicitFileType = "wrapper.app-extension"; includeInIndex = 0; path = Widget.appex; sourceTree = BUILT_PRODUCTS_DIR; };
		DA246CCB1F8AA30E00A75ED1 /* NotificationCenter.framework */ = {isa = PBXFileReference; lastKnownFileType = wrapper.framework; name = NotificationCenter.framework; path = System/Library/Frameworks/NotificationCenter.framework; sourceTree = SDKROOT; };
		DA246CCE1F8AA30E00A75ED1 /* TodayViewController.swift */ = {isa = PBXFileReference; lastKnownFileType = sourcecode.swift; path = TodayViewController.swift; sourceTree = "<group>"; };
		DA246CD11F8AA30E00A75ED1 /* Base */ = {isa = PBXFileReference; lastKnownFileType = file.storyboard; name = Base; path = Base.lproj/MainInterface.storyboard; sourceTree = "<group>"; };
		DA246CD31F8AA30E00A75ED1 /* Info.plist */ = {isa = PBXFileReference; lastKnownFileType = text.plist.xml; path = Info.plist; sourceTree = "<group>"; };
		DA246CDB1F8AB75900A75ED1 /* LearnWords.entitlements */ = {isa = PBXFileReference; lastKnownFileType = text.plist.entitlements; path = LearnWords.entitlements; sourceTree = "<group>"; };
		DA246CDC1F8AD1C200A75ED1 /* Widget.entitlements */ = {isa = PBXFileReference; lastKnownFileType = text.plist.entitlements; path = Widget.entitlements; sourceTree = "<group>"; };
		DA246CDD1F8AE3DA00A75ED1 /* WordTestViewController.swift */ = {isa = PBXFileReference; lastKnownFileType = sourcecode.swift; path = WordTestViewController.swift; sourceTree = "<group>"; };
		DA2E2CE6265E865900EF285C /* WordDictationController.swift */ = {isa = PBXFileReference; lastKnownFileType = sourcecode.swift; path = WordDictationController.swift; sourceTree = "<group>"; };
		DA2E2CF4265E9AA200EF285C /* TabBarControllerHome.swift */ = {isa = PBXFileReference; lastKnownFileType = sourcecode.swift; path = TabBarControllerHome.swift; sourceTree = "<group>"; };
		DA2E2D0D26612B8A00EF285C /* UserDefaults+Codable.swift */ = {isa = PBXFileReference; lastKnownFileType = sourcecode.swift; path = "UserDefaults+Codable.swift"; sourceTree = "<group>"; };
		DA2E2D1726623F0700EF285C /* UnderKeyboardDistrib.swift */ = {isa = PBXFileReference; fileEncoding = 4; lastKnownFileType = sourcecode.swift; path = UnderKeyboardDistrib.swift; sourceTree = "<group>"; };
		DA2E2D8F267A540900EF285C /* LWSpeechSynth.swift */ = {isa = PBXFileReference; lastKnownFileType = sourcecode.swift; path = LWSpeechSynth.swift; sourceTree = "<group>"; };
		DA2E2D9A267B683400EF285C /* HapticFeedback.swift */ = {isa = PBXFileReference; lastKnownFileType = sourcecode.swift; path = HapticFeedback.swift; sourceTree = "<group>"; };
		DA2E2DA2267CB63E00EF285C /* WordSetsTableViewController.swift */ = {isa = PBXFileReference; lastKnownFileType = sourcecode.swift; path = WordSetsTableViewController.swift; sourceTree = "<group>"; };
		DA4162F31F8BE62600165694 /* WordsModel.swift */ = {isa = PBXFileReference; lastKnownFileType = sourcecode.swift; path = WordsModel.swift; sourceTree = "<group>"; };
		DA4162F51F8C219500165694 /* GradientButton.swift */ = {isa = PBXFileReference; lastKnownFileType = sourcecode.swift; path = GradientButton.swift; sourceTree = "<group>"; };
		DA554C6826593A1100C67BE0 /* ImportAsDictAction.entitlements */ = {isa = PBXFileReference; lastKnownFileType = text.plist.entitlements; path = ImportAsDictAction.entitlements; sourceTree = "<group>"; };
		DA86ADF323489FF7007E3221 /* String+.swift */ = {isa = PBXFileReference; lastKnownFileType = sourcecode.swift; path = "String+.swift"; sourceTree = "<group>"; };
		DA88CB8321A687BF0094D1F8 /* Settings.bundle */ = {isa = PBXFileReference; lastKnownFileType = "wrapper.plug-in"; path = Settings.bundle; sourceTree = "<group>"; };
		DA88CB8621A6A9F40094D1F8 /* README.md */ = {isa = PBXFileReference; lastKnownFileType = net.daringfireball.markdown; path = README.md; sourceTree = "<group>"; };
		DA9156272684CBCE00CAEB26 /* WordPhoneticsViewController.swift */ = {isa = PBXFileReference; lastKnownFileType = sourcecode.swift; path = WordPhoneticsViewController.swift; sourceTree = "<group>"; };
		DAA16D6624B60673003C28FD /* ImportAsDictAction.appex */ = {isa = PBXFileReference; explicitFileType = "wrapper.app-extension"; includeInIndex = 0; path = ImportAsDictAction.appex; sourceTree = BUILT_PRODUCTS_DIR; };
		DAA16D6824B60673003C28FD /* Media.xcassets */ = {isa = PBXFileReference; lastKnownFileType = folder.assetcatalog; path = Media.xcassets; sourceTree = "<group>"; };
		DAA16D6A24B60673003C28FD /* ActionViewController.swift */ = {isa = PBXFileReference; lastKnownFileType = sourcecode.swift; path = ActionViewController.swift; sourceTree = "<group>"; };
		DAA16D6D24B60673003C28FD /* Base */ = {isa = PBXFileReference; lastKnownFileType = file.storyboard; name = Base; path = Base.lproj/MainInterface.storyboard; sourceTree = "<group>"; };
		DAA16D6F24B60673003C28FD /* Info.plist */ = {isa = PBXFileReference; lastKnownFileType = text.plist.xml; path = Info.plist; sourceTree = "<group>"; };
		DAC884B9219C8710005C6588 /* SearchWordViewController.swift */ = {isa = PBXFileReference; fileEncoding = 4; lastKnownFileType = sourcecode.swift; path = SearchWordViewController.swift; sourceTree = "<group>"; };
		DAD5E0D5219EF1400084FD1A /* Images.imagecatalog */ = {isa = PBXFileReference; lastKnownFileType = folder.imagecatalog; path = Images.imagecatalog; sourceTree = "<group>"; };
		DAEC8DCD219DF691009097C2 /* Settings.swift */ = {isa = PBXFileReference; lastKnownFileType = sourcecode.swift; path = Settings.swift; sourceTree = "<group>"; };
/* End PBXFileReference section */

/* Begin PBXFrameworksBuildPhase section */
		DA246CAD1F8A6E5E00A75ED1 /* Frameworks */ = {
			isa = PBXFrameworksBuildPhase;
			buildActionMask = 2147483647;
			files = (
			);
			runOnlyForDeploymentPostprocessing = 0;
		};
		DA246CC61F8AA30E00A75ED1 /* Frameworks */ = {
			isa = PBXFrameworksBuildPhase;
			buildActionMask = 2147483647;
			files = (
				DA246CCC1F8AA30E00A75ED1 /* NotificationCenter.framework in Frameworks */,
			);
			runOnlyForDeploymentPostprocessing = 0;
		};
		DAA16D6324B60673003C28FD /* Frameworks */ = {
			isa = PBXFrameworksBuildPhase;
			buildActionMask = 2147483647;
			files = (
			);
			runOnlyForDeploymentPostprocessing = 0;
		};
/* End PBXFrameworksBuildPhase section */

/* Begin PBXGroup section */
		DA246CA71F8A6E5E00A75ED1 = {
			isa = PBXGroup;
			children = (
				DA246CB21F8A6E5E00A75ED1 /* LearnWords */,
				DA246CCD1F8AA30E00A75ED1 /* Widget */,
				DAA16D6724B60673003C28FD /* ImportAsDictAction */,
				DA246CCA1F8AA30E00A75ED1 /* Frameworks */,
				DA246CB11F8A6E5E00A75ED1 /* Products */,
			);
			sourceTree = "<group>";
		};
		DA246CB11F8A6E5E00A75ED1 /* Products */ = {
			isa = PBXGroup;
			children = (
				DA246CB01F8A6E5E00A75ED1 /* LearnWords.app */,
				DA246CC91F8AA30E00A75ED1 /* Widget.appex */,
				DAA16D6624B60673003C28FD /* ImportAsDictAction.appex */,
			);
			name = Products;
			sourceTree = "<group>";
		};
		DA246CB21F8A6E5E00A75ED1 /* LearnWords */ = {
			isa = PBXGroup;
			children = (
				DA246CDB1F8AB75900A75ED1 /* LearnWords.entitlements */,
				DAC884B9219C8710005C6588 /* SearchWordViewController.swift */,
				DAEC8DCD219DF691009097C2 /* Settings.swift */,
				DA2E2D8F267A540900EF285C /* LWSpeechSynth.swift */,
				DA2E2D9A267B683400EF285C /* HapticFeedback.swift */,
				DA246CB31F8A6E5E00A75ED1 /* AppDelegate.swift */,
				DA246CB51F8A6E5E00A75ED1 /* WordTableViewController.swift */,
				DA4162F51F8C219500165694 /* GradientButton.swift */,
				DA4162F31F8BE62600165694 /* WordsModel.swift */,
				DA246CDD1F8AE3DA00A75ED1 /* WordTestViewController.swift */,
				DA2E2CE6265E865900EF285C /* WordDictationController.swift */,
				DA2E2CF4265E9AA200EF285C /* TabBarControllerHome.swift */,
				DA2E2D0D26612B8A00EF285C /* UserDefaults+Codable.swift */,
				DA2E2D1726623F0700EF285C /* UnderKeyboardDistrib.swift */,
				DA88CB8321A687BF0094D1F8 /* Settings.bundle */,
				DA246CB71F8A6E5E00A75ED1 /* Main.storyboard */,
				DA2E2DA2267CB63E00EF285C /* WordSetsTableViewController.swift */,
				DA9156272684CBCE00CAEB26 /* WordPhoneticsViewController.swift */,
				DA246CBA1F8A6E5E00A75ED1 /* Assets.xcassets */,
				DA246CBC1F8A6E5E00A75ED1 /* LaunchScreen.storyboard */,
				DA246CBF1F8A6E5E00A75ED1 /* Info.plist */,
				DAD5E0D5219EF1400084FD1A /* Images.imagecatalog */,
				DA88CB8621A6A9F40094D1F8 /* README.md */,
			);
			path = LearnWords;
			sourceTree = "<group>";
		};
		DA246CCA1F8AA30E00A75ED1 /* Frameworks */ = {
			isa = PBXGroup;
			children = (
				DA86ADF323489FF7007E3221 /* String+.swift */,
				DA246CCB1F8AA30E00A75ED1 /* NotificationCenter.framework */,
			);
			name = Frameworks;
			sourceTree = "<group>";
		};
		DA246CCD1F8AA30E00A75ED1 /* Widget */ = {
			isa = PBXGroup;
			children = (
				DA246CDC1F8AD1C200A75ED1 /* Widget.entitlements */,
				DA246CCE1F8AA30E00A75ED1 /* TodayViewController.swift */,
				DA246CD01F8AA30E00A75ED1 /* MainInterface.storyboard */,
				DA246CD31F8AA30E00A75ED1 /* Info.plist */,
			);
			path = Widget;
			sourceTree = "<group>";
		};
		DAA16D6724B60673003C28FD /* ImportAsDictAction */ = {
			isa = PBXGroup;
			children = (
				DA554C6826593A1100C67BE0 /* ImportAsDictAction.entitlements */,
				DAA16D6824B60673003C28FD /* Media.xcassets */,
				DAA16D6A24B60673003C28FD /* ActionViewController.swift */,
				DAA16D6C24B60673003C28FD /* MainInterface.storyboard */,
				DAA16D6F24B60673003C28FD /* Info.plist */,
			);
			path = ImportAsDictAction;
			sourceTree = "<group>";
		};
/* End PBXGroup section */

/* Begin PBXNativeTarget section */
		DA246CAF1F8A6E5E00A75ED1 /* LearnWords */ = {
			isa = PBXNativeTarget;
			buildConfigurationList = DA246CC21F8A6E5E00A75ED1 /* Build configuration list for PBXNativeTarget "LearnWords" */;
			buildPhases = (
				DA246CAC1F8A6E5E00A75ED1 /* Sources */,
				DA246CAD1F8A6E5E00A75ED1 /* Frameworks */,
				DA246CAE1F8A6E5E00A75ED1 /* Resources */,
				DA246CDA1F8AA30E00A75ED1 /* Embed App Extensions */,
			);
			buildRules = (
			);
			dependencies = (
				DA246CD51F8AA30E00A75ED1 /* PBXTargetDependency */,
				DAA16D7124B60673003C28FD /* PBXTargetDependency */,
			);
			name = LearnWords;
			productName = LearnWords;
			productReference = DA246CB01F8A6E5E00A75ED1 /* LearnWords.app */;
			productType = "com.apple.product-type.application";
		};
		DA246CC81F8AA30E00A75ED1 /* Widget */ = {
			isa = PBXNativeTarget;
			buildConfigurationList = DA246CD71F8AA30E00A75ED1 /* Build configuration list for PBXNativeTarget "Widget" */;
			buildPhases = (
				DA246CC51F8AA30E00A75ED1 /* Sources */,
				DA246CC61F8AA30E00A75ED1 /* Frameworks */,
				DA246CC71F8AA30E00A75ED1 /* Resources */,
			);
			buildRules = (
			);
			dependencies = (
			);
			name = Widget;
			productName = Widget;
			productReference = DA246CC91F8AA30E00A75ED1 /* Widget.appex */;
			productType = "com.apple.product-type.app-extension";
		};
		DAA16D6524B60673003C28FD /* ImportAsDictAction */ = {
			isa = PBXNativeTarget;
			buildConfigurationList = DAA16D7324B60673003C28FD /* Build configuration list for PBXNativeTarget "ImportAsDictAction" */;
			buildPhases = (
				DAA16D6224B60673003C28FD /* Sources */,
				DAA16D6324B60673003C28FD /* Frameworks */,
				DAA16D6424B60673003C28FD /* Resources */,
			);
			buildRules = (
			);
			dependencies = (
			);
			name = ImportAsDictAction;
			productName = ImportAsDictAction;
			productReference = DAA16D6624B60673003C28FD /* ImportAsDictAction.appex */;
			productType = "com.apple.product-type.app-extension";
		};
/* End PBXNativeTarget section */

/* Begin PBXProject section */
		DA246CA81F8A6E5E00A75ED1 /* Project object */ = {
			isa = PBXProject;
			attributes = {
				LastSwiftUpdateCheck = 1150;
				LastUpgradeCheck = 0940;
				ORGANIZATIONNAME = Paul;
				TargetAttributes = {
					DA246CAF1F8A6E5E00A75ED1 = {
						CreatedOnToolsVersion = 9.0;
						LastSwiftMigration = 1010;
						ProvisioningStyle = Automatic;
						SystemCapabilities = {
							com.apple.ApplicationGroups.iOS = {
								enabled = 1;
							};
						};
					};
					DA246CC81F8AA30E00A75ED1 = {
						CreatedOnToolsVersion = 9.0;
						LastSwiftMigration = 1010;
						ProvisioningStyle = Automatic;
						SystemCapabilities = {
							com.apple.ApplicationGroups.iOS = {
								enabled = 1;
							};
						};
					};
					DAA16D6524B60673003C28FD = {
						CreatedOnToolsVersion = 11.5;
						ProvisioningStyle = Automatic;
					};
				};
			};
			buildConfigurationList = DA246CAB1F8A6E5E00A75ED1 /* Build configuration list for PBXProject "LearnWords" */;
			compatibilityVersion = "Xcode 8.0";
			developmentRegion = en;
			hasScannedForEncodings = 0;
			knownRegions = (
				en,
				Base,
			);
			mainGroup = DA246CA71F8A6E5E00A75ED1;
			productRefGroup = DA246CB11F8A6E5E00A75ED1 /* Products */;
			projectDirPath = "";
			projectRoot = "";
			targets = (
				DA246CAF1F8A6E5E00A75ED1 /* LearnWords */,
				DA246CC81F8AA30E00A75ED1 /* Widget */,
				DAA16D6524B60673003C28FD /* ImportAsDictAction */,
			);
		};
/* End PBXProject section */

/* Begin PBXResourcesBuildPhase section */
		DA246CAE1F8A6E5E00A75ED1 /* Resources */ = {
			isa = PBXResourcesBuildPhase;
			buildActionMask = 2147483647;
			files = (
				DA246CBE1F8A6E5E00A75ED1 /* LaunchScreen.storyboard in Resources */,
				DAD5E0D6219EF1400084FD1A /* Images.imagecatalog in Resources */,
				DA88CB8421A687C00094D1F8 /* Settings.bundle in Resources */,
				DA246CBB1F8A6E5E00A75ED1 /* Assets.xcassets in Resources */,
				DA246CB91F8A6E5E00A75ED1 /* Main.storyboard in Resources */,
			);
			runOnlyForDeploymentPostprocessing = 0;
		};
		DA246CC71F8AA30E00A75ED1 /* Resources */ = {
			isa = PBXResourcesBuildPhase;
			buildActionMask = 2147483647;
			files = (
				DA88CB8521A687C00094D1F8 /* Settings.bundle in Resources */,
				DA246CD21F8AA30E00A75ED1 /* MainInterface.storyboard in Resources */,
			);
			runOnlyForDeploymentPostprocessing = 0;
		};
		DAA16D6424B60673003C28FD /* Resources */ = {
			isa = PBXResourcesBuildPhase;
			buildActionMask = 2147483647;
			files = (
				DAA16D6924B60673003C28FD /* Media.xcassets in Resources */,
				DAA16D6E24B60673003C28FD /* MainInterface.storyboard in Resources */,
			);
			runOnlyForDeploymentPostprocessing = 0;
		};
/* End PBXResourcesBuildPhase section */

/* Begin PBXSourcesBuildPhase section */
		DA246CAC1F8A6E5E00A75ED1 /* Sources */ = {
			isa = PBXSourcesBuildPhase;
			buildActionMask = 2147483647;
			files = (
				DAC884BA219C8710005C6588 /* SearchWordViewController.swift in Sources */,
				DA2E2D9B267B683400EF285C /* HapticFeedback.swift in Sources */,
				DA4162F61F8C219500165694 /* GradientButton.swift in Sources */,
				DAEC8DCE219DF691009097C2 /* Settings.swift in Sources */,
				DA246CDE1F8AE3DA00A75ED1 /* WordTestViewController.swift in Sources */,
				DA2E2CF5265E9AA200EF285C /* TabBarControllerHome.swift in Sources */,
				DA2E2D1826623F0700EF285C /* UnderKeyboardDistrib.swift in Sources */,
				DA2E2D0E26612B8B00EF285C /* UserDefaults+Codable.swift in Sources */,
				DA246CB61F8A6E5E00A75ED1 /* WordTableViewController.swift in Sources */,
				DA2E2CE7265E865A00EF285C /* WordDictationController.swift in Sources */,
				DA2E2DA3267CB63E00EF285C /* WordSetsTableViewController.swift in Sources */,
				DA86ADF423489FF7007E3221 /* String+.swift in Sources */,
				DA9156282684CBCE00CAEB26 /* WordPhoneticsViewController.swift in Sources */,
				DA2E2D90267A540900EF285C /* LWSpeechSynth.swift in Sources */,
				DA246CB41F8A6E5E00A75ED1 /* AppDelegate.swift in Sources */,
				DA4162F41F8BE62600165694 /* WordsModel.swift in Sources */,
			);
			runOnlyForDeploymentPostprocessing = 0;
		};
		DA246CC51F8AA30E00A75ED1 /* Sources */ = {
			isa = PBXSourcesBuildPhase;
			buildActionMask = 2147483647;
			files = (
				DA246CCF1F8AA30E00A75ED1 /* TodayViewController.swift in Sources */,
			);
			runOnlyForDeploymentPostprocessing = 0;
		};
		DAA16D6224B60673003C28FD /* Sources */ = {
			isa = PBXSourcesBuildPhase;
			buildActionMask = 2147483647;
			files = (
				DAA16D6B24B60673003C28FD /* ActionViewController.swift in Sources */,
			);
			runOnlyForDeploymentPostprocessing = 0;
		};
/* End PBXSourcesBuildPhase section */

/* Begin PBXTargetDependency section */
		DA246CD51F8AA30E00A75ED1 /* PBXTargetDependency */ = {
			isa = PBXTargetDependency;
			target = DA246CC81F8AA30E00A75ED1 /* Widget */;
			targetProxy = DA246CD41F8AA30E00A75ED1 /* PBXContainerItemProxy */;
		};
		DAA16D7124B60673003C28FD /* PBXTargetDependency */ = {
			isa = PBXTargetDependency;
			target = DAA16D6524B60673003C28FD /* ImportAsDictAction */;
			targetProxy = DAA16D7024B60673003C28FD /* PBXContainerItemProxy */;
		};
/* End PBXTargetDependency section */

/* Begin PBXVariantGroup section */
		DA246CB71F8A6E5E00A75ED1 /* Main.storyboard */ = {
			isa = PBXVariantGroup;
			children = (
				DA246CB81F8A6E5E00A75ED1 /* Base */,
			);
			name = Main.storyboard;
			sourceTree = "<group>";
		};
		DA246CBC1F8A6E5E00A75ED1 /* LaunchScreen.storyboard */ = {
			isa = PBXVariantGroup;
			children = (
				DA246CBD1F8A6E5E00A75ED1 /* Base */,
			);
			name = LaunchScreen.storyboard;
			sourceTree = "<group>";
		};
		DA246CD01F8AA30E00A75ED1 /* MainInterface.storyboard */ = {
			isa = PBXVariantGroup;
			children = (
				DA246CD11F8AA30E00A75ED1 /* Base */,
			);
			name = MainInterface.storyboard;
			sourceTree = "<group>";
		};
		DAA16D6C24B60673003C28FD /* MainInterface.storyboard */ = {
			isa = PBXVariantGroup;
			children = (
				DAA16D6D24B60673003C28FD /* Base */,
			);
			name = MainInterface.storyboard;
			sourceTree = "<group>";
		};
/* End PBXVariantGroup section */

/* Begin XCBuildConfiguration section */
		DA246CC01F8A6E5E00A75ED1 /* Debug */ = {
			isa = XCBuildConfiguration;
			buildSettings = {
				ALWAYS_SEARCH_USER_PATHS = NO;
				CLANG_ANALYZER_NONNULL = YES;
				CLANG_ANALYZER_NUMBER_OBJECT_CONVERSION = YES_AGGRESSIVE;
				CLANG_CXX_LANGUAGE_STANDARD = "gnu++14";
				CLANG_CXX_LIBRARY = "libc++";
				CLANG_ENABLE_MODULES = YES;
				CLANG_ENABLE_OBJC_ARC = YES;
				CLANG_WARN_BLOCK_CAPTURE_AUTORELEASING = YES;
				CLANG_WARN_BOOL_CONVERSION = YES;
				CLANG_WARN_COMMA = YES;
				CLANG_WARN_CONSTANT_CONVERSION = YES;
				CLANG_WARN_DEPRECATED_OBJC_IMPLEMENTATIONS = YES;
				CLANG_WARN_DIRECT_OBJC_ISA_USAGE = YES_ERROR;
				CLANG_WARN_DOCUMENTATION_COMMENTS = YES;
				CLANG_WARN_EMPTY_BODY = YES;
				CLANG_WARN_ENUM_CONVERSION = YES;
				CLANG_WARN_INFINITE_RECURSION = YES;
				CLANG_WARN_INT_CONVERSION = YES;
				CLANG_WARN_NON_LITERAL_NULL_CONVERSION = YES;
				CLANG_WARN_OBJC_IMPLICIT_RETAIN_SELF = YES;
				CLANG_WARN_OBJC_LITERAL_CONVERSION = YES;
				CLANG_WARN_OBJC_ROOT_CLASS = YES_ERROR;
				CLANG_WARN_RANGE_LOOP_ANALYSIS = YES;
				CLANG_WARN_STRICT_PROTOTYPES = YES;
				CLANG_WARN_SUSPICIOUS_MOVE = YES;
				CLANG_WARN_UNGUARDED_AVAILABILITY = YES_AGGRESSIVE;
				CLANG_WARN_UNREACHABLE_CODE = YES;
				CLANG_WARN__DUPLICATE_METHOD_MATCH = YES;
				CODE_SIGN_IDENTITY = "iPhone Developer";
				COPY_PHASE_STRIP = NO;
				DEBUG_INFORMATION_FORMAT = dwarf;
				ENABLE_STRICT_OBJC_MSGSEND = YES;
				ENABLE_TESTABILITY = YES;
				GCC_C_LANGUAGE_STANDARD = gnu11;
				GCC_DYNAMIC_NO_PIC = NO;
				GCC_NO_COMMON_BLOCKS = YES;
				GCC_OPTIMIZATION_LEVEL = 0;
				GCC_PREPROCESSOR_DEFINITIONS = (
					"DEBUG=1",
					"$(inherited)",
				);
				GCC_WARN_64_TO_32_BIT_CONVERSION = YES;
				GCC_WARN_ABOUT_RETURN_TYPE = YES_ERROR;
				GCC_WARN_UNDECLARED_SELECTOR = YES;
				GCC_WARN_UNINITIALIZED_AUTOS = YES_AGGRESSIVE;
				GCC_WARN_UNUSED_FUNCTION = YES;
				GCC_WARN_UNUSED_VARIABLE = YES;
				IPHONEOS_DEPLOYMENT_TARGET = 11.0;
				MTL_ENABLE_DEBUG_INFO = YES;
				ONLY_ACTIVE_ARCH = YES;
				SDKROOT = iphoneos;
				SWIFT_ACTIVE_COMPILATION_CONDITIONS = DEBUG;
				SWIFT_OPTIMIZATION_LEVEL = "-Onone";
			};
			name = Debug;
		};
		DA246CC11F8A6E5E00A75ED1 /* Release */ = {
			isa = XCBuildConfiguration;
			buildSettings = {
				ALWAYS_SEARCH_USER_PATHS = NO;
				CLANG_ANALYZER_NONNULL = YES;
				CLANG_ANALYZER_NUMBER_OBJECT_CONVERSION = YES_AGGRESSIVE;
				CLANG_CXX_LANGUAGE_STANDARD = "gnu++14";
				CLANG_CXX_LIBRARY = "libc++";
				CLANG_ENABLE_MODULES = YES;
				CLANG_ENABLE_OBJC_ARC = YES;
				CLANG_WARN_BLOCK_CAPTURE_AUTORELEASING = YES;
				CLANG_WARN_BOOL_CONVERSION = YES;
				CLANG_WARN_COMMA = YES;
				CLANG_WARN_CONSTANT_CONVERSION = YES;
				CLANG_WARN_DEPRECATED_OBJC_IMPLEMENTATIONS = YES;
				CLANG_WARN_DIRECT_OBJC_ISA_USAGE = YES_ERROR;
				CLANG_WARN_DOCUMENTATION_COMMENTS = YES;
				CLANG_WARN_EMPTY_BODY = YES;
				CLANG_WARN_ENUM_CONVERSION = YES;
				CLANG_WARN_INFINITE_RECURSION = YES;
				CLANG_WARN_INT_CONVERSION = YES;
				CLANG_WARN_NON_LITERAL_NULL_CONVERSION = YES;
				CLANG_WARN_OBJC_IMPLICIT_RETAIN_SELF = YES;
				CLANG_WARN_OBJC_LITERAL_CONVERSION = YES;
				CLANG_WARN_OBJC_ROOT_CLASS = YES_ERROR;
				CLANG_WARN_RANGE_LOOP_ANALYSIS = YES;
				CLANG_WARN_STRICT_PROTOTYPES = YES;
				CLANG_WARN_SUSPICIOUS_MOVE = YES;
				CLANG_WARN_UNGUARDED_AVAILABILITY = YES_AGGRESSIVE;
				CLANG_WARN_UNREACHABLE_CODE = YES;
				CLANG_WARN__DUPLICATE_METHOD_MATCH = YES;
				CODE_SIGN_IDENTITY = "iPhone Developer";
				COPY_PHASE_STRIP = NO;
				DEBUG_INFORMATION_FORMAT = "dwarf-with-dsym";
				ENABLE_NS_ASSERTIONS = NO;
				ENABLE_STRICT_OBJC_MSGSEND = YES;
				GCC_C_LANGUAGE_STANDARD = gnu11;
				GCC_NO_COMMON_BLOCKS = YES;
				GCC_WARN_64_TO_32_BIT_CONVERSION = YES;
				GCC_WARN_ABOUT_RETURN_TYPE = YES_ERROR;
				GCC_WARN_UNDECLARED_SELECTOR = YES;
				GCC_WARN_UNINITIALIZED_AUTOS = YES_AGGRESSIVE;
				GCC_WARN_UNUSED_FUNCTION = YES;
				GCC_WARN_UNUSED_VARIABLE = YES;
				IPHONEOS_DEPLOYMENT_TARGET = 11.0;
				MTL_ENABLE_DEBUG_INFO = NO;
				SDKROOT = iphoneos;
				SWIFT_OPTIMIZATION_LEVEL = "-Owholemodule";
				VALIDATE_PRODUCT = YES;
			};
			name = Release;
		};
		DA246CC31F8A6E5E00A75ED1 /* Debug */ = {
			isa = XCBuildConfiguration;
			buildSettings = {
				ALWAYS_EMBED_SWIFT_STANDARD_LIBRARIES = YES;
				ASSETCATALOG_COMPILER_APPICON_NAME = AppIcon;
				CODE_SIGN_ENTITLEMENTS = LearnWords/LearnWords.entitlements;
				CODE_SIGN_STYLE = Automatic;
				DEVELOPMENT_TEAM = WEJF495R4D;
				INFOPLIST_FILE = LearnWords/Info.plist;
				LD_RUNPATH_SEARCH_PATHS = "$(inherited) @executable_path/Frameworks";
				PRODUCT_BUNDLE_IDENTIFIER = club.laconic.LearnWords;
				PRODUCT_NAME = "$(TARGET_NAME)";
				SWIFT_VERSION = 4.2;
				TARGETED_DEVICE_FAMILY = "1,2";
			};
			name = Debug;
		};
		DA246CC41F8A6E5E00A75ED1 /* Release */ = {
			isa = XCBuildConfiguration;
			buildSettings = {
				ALWAYS_EMBED_SWIFT_STANDARD_LIBRARIES = YES;
				ASSETCATALOG_COMPILER_APPICON_NAME = AppIcon;
				CODE_SIGN_ENTITLEMENTS = LearnWords/LearnWords.entitlements;
				CODE_SIGN_STYLE = Automatic;
				DEVELOPMENT_TEAM = WEJF495R4D;
				INFOPLIST_FILE = LearnWords/Info.plist;
				LD_RUNPATH_SEARCH_PATHS = "$(inherited) @executable_path/Frameworks";
				PRODUCT_BUNDLE_IDENTIFIER = club.laconic.LearnWords;
				PRODUCT_NAME = "$(TARGET_NAME)";
				SWIFT_VERSION = 4.2;
				TARGETED_DEVICE_FAMILY = "1,2";
			};
			name = Release;
		};
		DA246CD81F8AA30E00A75ED1 /* Debug */ = {
			isa = XCBuildConfiguration;
			buildSettings = {
				CODE_SIGN_ENTITLEMENTS = Widget/Widget.entitlements;
				CODE_SIGN_STYLE = Automatic;
				DEVELOPMENT_TEAM = WEJF495R4D;
				INFOPLIST_FILE = Widget/Info.plist;
				LD_RUNPATH_SEARCH_PATHS = "$(inherited) @executable_path/Frameworks @executable_path/../../Frameworks";
				PRODUCT_BUNDLE_IDENTIFIER = club.laconic.LearnWords.Widget;
				PRODUCT_NAME = "$(TARGET_NAME)";
				SKIP_INSTALL = YES;
				SWIFT_VERSION = 4.2;
				TARGETED_DEVICE_FAMILY = "1,2";
			};
			name = Debug;
		};
		DA246CD91F8AA30E00A75ED1 /* Release */ = {
			isa = XCBuildConfiguration;
			buildSettings = {
				CODE_SIGN_ENTITLEMENTS = Widget/Widget.entitlements;
				CODE_SIGN_STYLE = Automatic;
				DEVELOPMENT_TEAM = WEJF495R4D;
				INFOPLIST_FILE = Widget/Info.plist;
				LD_RUNPATH_SEARCH_PATHS = "$(inherited) @executable_path/Frameworks @executable_path/../../Frameworks";
				PRODUCT_BUNDLE_IDENTIFIER = club.laconic.LearnWords.Widget;
				PRODUCT_NAME = "$(TARGET_NAME)";
				SKIP_INSTALL = YES;
				SWIFT_VERSION = 4.2;
				TARGETED_DEVICE_FAMILY = "1,2";
			};
			name = Release;
		};
		DAA16D7424B60673003C28FD /* Debug */ = {
			isa = XCBuildConfiguration;
			buildSettings = {
				APPLICATION_EXTENSION_API_ONLY = YES;
				CLANG_ENABLE_OBJC_WEAK = YES;
				CODE_SIGN_ENTITLEMENTS = ImportAsDictAction/ImportAsDictAction.entitlements;
				CODE_SIGN_STYLE = Automatic;
				DEVELOPMENT_TEAM = WEJF495R4D;
				INFOPLIST_FILE = ImportAsDictAction/Info.plist;
				IPHONEOS_DEPLOYMENT_TARGET = 11.0;
				LD_RUNPATH_SEARCH_PATHS = "$(inherited) @executable_path/Frameworks @executable_path/../../Frameworks";
				MTL_ENABLE_DEBUG_INFO = INCLUDE_SOURCE;
				MTL_FAST_MATH = YES;
				PRODUCT_BUNDLE_IDENTIFIER = club.laconic.LearnWords.ImportAsDictAction;
				PRODUCT_NAME = "$(TARGET_NAME)";
				SKIP_INSTALL = YES;
				SWIFT_VERSION = 5.0;
				TARGETED_DEVICE_FAMILY = "1,2";
			};
			name = Debug;
		};
		DAA16D7524B60673003C28FD /* Release */ = {
			isa = XCBuildConfiguration;
			buildSettings = {
				APPLICATION_EXTENSION_API_ONLY = YES;
				CLANG_ENABLE_OBJC_WEAK = YES;
				CODE_SIGN_ENTITLEMENTS = ImportAsDictAction/ImportAsDictAction.entitlements;
				CODE_SIGN_STYLE = Automatic;
				DEVELOPMENT_TEAM = WEJF495R4D;
				INFOPLIST_FILE = ImportAsDictAction/Info.plist;
				IPHONEOS_DEPLOYMENT_TARGET = 11.0;
				LD_RUNPATH_SEARCH_PATHS = "$(inherited) @executable_path/Frameworks @executable_path/../../Frameworks";
				MTL_FAST_MATH = YES;
				PRODUCT_BUNDLE_IDENTIFIER = club.laconic.LearnWords.ImportAsDictAction;
				PRODUCT_NAME = "$(TARGET_NAME)";
				SKIP_INSTALL = YES;
				SWIFT_VERSION = 5.0;
				TARGETED_DEVICE_FAMILY = "1,2";
			};
			name = Release;
		};
/* End XCBuildConfiguration section */

/* Begin XCConfigurationList section */
		DA246CAB1F8A6E5E00A75ED1 /* Build configuration list for PBXProject "LearnWords" */ = {
			isa = XCConfigurationList;
			buildConfigurations = (
				DA246CC01F8A6E5E00A75ED1 /* Debug */,
				DA246CC11F8A6E5E00A75ED1 /* Release */,
			);
			defaultConfigurationIsVisible = 0;
			defaultConfigurationName = Release;
		};
		DA246CC21F8A6E5E00A75ED1 /* Build configuration list for PBXNativeTarget "LearnWords" */ = {
			isa = XCConfigurationList;
			buildConfigurations = (
				DA246CC31F8A6E5E00A75ED1 /* Debug */,
				DA246CC41F8A6E5E00A75ED1 /* Release */,
			);
			defaultConfigurationIsVisible = 0;
			defaultConfigurationName = Release;
		};
		DA246CD71F8AA30E00A75ED1 /* Build configuration list for PBXNativeTarget "Widget" */ = {
			isa = XCConfigurationList;
			buildConfigurations = (
				DA246CD81F8AA30E00A75ED1 /* Debug */,
				DA246CD91F8AA30E00A75ED1 /* Release */,
			);
			defaultConfigurationIsVisible = 0;
			defaultConfigurationName = Release;
		};
		DAA16D7324B60673003C28FD /* Build configuration list for PBXNativeTarget "ImportAsDictAction" */ = {
			isa = XCConfigurationList;
			buildConfigurations = (
				DAA16D7424B60673003C28FD /* Debug */,
				DAA16D7524B60673003C28FD /* Release */,
			);
			defaultConfigurationIsVisible = 0;
			defaultConfigurationName = Release;
		};
/* End XCConfigurationList section */
	};
	rootObject = DA246CA81F8A6E5E00A75ED1 /* Project object */;
}
